
Microsoft Visual Studio Solution File, Format Version 12.00
# Visual Studio Version 16
VisualStudioVersion = 16.0.30523.141
MinimumVisualStudioVersion = 10.0.40219.1
Project("{9A19103F-16F7-4668-BE54-9A1E7A4F7556}") = "Ommi.Web", "Ommi.Web\Ommi.Web.csproj", "{628CBDE6-9E1F-4B0B-A182-4FB810128381}"
EndProject
Project("{9A19103F-16F7-4668-BE54-9A1E7A4F7556}") = "Ommi.Business", "Ommi.Business\Ommi.Business.csproj", "{C5D019F9-E2A6-4E74-A74F-7D8BBBD78E13}"
EndProject
Global
	GlobalSection(SolutionConfigurationPlatforms) = preSolution
		Debug|Any CPU = Debug|Any CPU
		Release|Any CPU = Release|Any CPU
	EndGlobalSection
	GlobalSection(ProjectConfigurationPlatforms) = postSolution
		{628CBDE6-9E1F-4B0B-A182-4FB810128381}.Debug|Any CPU.ActiveCfg = Debug|Any CPU
		{628CBDE6-9E1F-4B0B-A182-4FB810128381}.Debug|Any CPU.Build.0 = Debug|Any CPU
		{628CBDE6-9E1F-4B0B-A182-4FB810128381}.Release|Any CPU.ActiveCfg = Release|Any CPU
		{628CBDE6-9E1F-4B0B-A182-4FB810128381}.Release|Any CPU.Build.0 = Release|Any CPU
		{C5D019F9-E2A6-4E74-A74F-7D8BBBD78E13}.Debug|Any CPU.ActiveCfg = Debug|Any CPU
		{C5D019F9-E2A6-4E74-A74F-7D8BBBD78E13}.Debug|Any CPU.Build.0 = Debug|Any CPU
		{C5D019F9-E2A6-4E74-A74F-7D8BBBD78E13}.Release|Any CPU.ActiveCfg = Release|Any CPU
		{C5D019F9-E2A6-4E74-A74F-7D8BBBD78E13}.Release|Any CPU.Build.0 = Release|Any CPU
	EndGlobalSection
	GlobalSection(SolutionProperties) = preSolution
		HideSolutionNode = FALSE
	EndGlobalSection
	GlobalSection(ExtensibilityGlobals) = postSolution
		SolutionGuid = {BD5754FF-E9D6-4BA3-956F-17385627D4F9}
	EndGlobalSection
EndGlobal
